
Microsoft Visual Studio Solution File, Format Version 12.00
# Visual Studio Version 16
VisualStudioVersion = 16.0.31702.278
MinimumVisualStudioVersion = 10.0.40219.1
Project("{9A19103F-16F7-4668-BE54-9A1E7A4F7556}") = "ResultadosAlunosMVC", "ResultadosAlunosMVC\ResultadosAlunosMVC.csproj", "{94D00D44-8A72-4EB1-85C7-70C3950499B8}"
EndProject
Project("{FAE04EC0-301F-11D3-BF4B-00C04F79EFBC}") = "ResultadosAlunosForm", "ResultadosAlunosForm\ResultadosAlunosForm.csproj", "{99EF6868-06D7-459E-96BE-EE52B8466522}"
EndProject
Global
	GlobalSection(SolutionConfigurationPlatforms) = preSolution
		Debug|Any CPU = Debug|Any CPU
		Release|Any CPU = Release|Any CPU
	EndGlobalSection
	GlobalSection(ProjectConfigurationPlatforms) = postSolution
		{94D00D44-8A72-4EB1-85C7-70C3950499B8}.Debug|Any CPU.ActiveCfg = Debug|Any CPU
		{94D00D44-8A72-4EB1-85C7-70C3950499B8}.Debug|Any CPU.Build.0 = Debug|Any CPU
		{94D00D44-8A72-4EB1-85C7-70C3950499B8}.Release|Any CPU.ActiveCfg = Release|Any CPU
		{94D00D44-8A72-4EB1-85C7-70C3950499B8}.Release|Any CPU.Build.0 = Release|Any CPU
		{99EF6868-06D7-459E-96BE-EE52B8466522}.Debug|Any CPU.ActiveCfg = Debug|Any CPU
		{99EF6868-06D7-459E-96BE-EE52B8466522}.Debug|Any CPU.Build.0 = Debug|Any CPU
		{99EF6868-06D7-459E-96BE-EE52B8466522}.Release|Any CPU.ActiveCfg = Release|Any CPU
		{99EF6868-06D7-459E-96BE-EE52B8466522}.Release|Any CPU.Build.0 = Release|Any CPU
	EndGlobalSection
	GlobalSection(SolutionProperties) = preSolution
		HideSolutionNode = FALSE
	EndGlobalSection
	GlobalSection(ExtensibilityGlobals) = postSolution
		SolutionGuid = {73680AE7-F76D-410F-8CB7-03FAB9BA7CA8}
	EndGlobalSection
EndGlobal
